
Microsoft Visual Studio Solution File, Format Version 12.00
# Visual Studio Express 2012 for Windows Desktop
Project("{FAE04EC0-301F-11D3-BF4B-00C04F79EFBC}") = "ToucheeLib", "ToucheeLib\ToucheeLib.csproj", "{76B24F44-0F71-46F1-9D79-373ECFBC72BF}"
EndProject
Project("{FAE04EC0-301F-11D3-BF4B-00C04F79EFBC}") = "Touchee", "Touchee\Touchee.csproj", "{B3423C85-9C0C-42E7-9F5D-78709301FCEC}"
EndProject
Project("{FAE04EC0-301F-11D3-BF4B-00C04F79EFBC}") = "BassNetPlayer", "BassNetPlayer\BassNetPlayer.csproj", "{B3316B61-E86D-4467-A32F-0A0143A056FA}"
EndProject
Project("{FAE04EC0-301F-11D3-BF4B-00C04F79EFBC}") = "Music", "Music\Music.csproj", "{E0CD87D1-1C76-4FFB-91BC-D02662BA3017}"
EndProject
Project("{FAE04EC0-301F-11D3-BF4B-00C04F79EFBC}") = "ToucheeLibTest", "ToucheeLibTest\ToucheeLibTest.csproj", "{25218497-C0B3-413E-B7DC-6C9340D78658}"
EndProject
Project("{FAE04EC0-301F-11D3-BF4B-00C04F79EFBC}") = "Spotify", "Spotify\Spotify.csproj", "{C0393875-FFA7-4A35-B208-762B99F0358E}"
EndProject
Project("{8BC9CEB8-8B4A-11D0-8D11-00A0C91BC942}") = "SpotiFire.LibSpotify", "..\SpotiFire\SpotiFire.LibSpotify\SpotiFire.LibSpotify.vcxproj", "{3A193712-4AE2-4B7A-9ADF-139D3213E34B}"
EndProject
Project("{FAE04EC0-301F-11D3-BF4B-00C04F79EFBC}") = "SpotiFire.SpotifyLib", "..\SpotiFire\SpotiFire.SpotifyLib\SpotiFire.SpotifyLib.csproj", "{CBF5614B-AF79-4228-8265-7DC2BAF9A626}"
EndProject
Global
	GlobalSection(SolutionConfigurationPlatforms) = preSolution
		Debug|Any CPU = Debug|Any CPU
		Debug|Mixed Platforms = Debug|Mixed Platforms
		Debug|Win32 = Debug|Win32
		Debug|x86 = Debug|x86
		MonoDebug|Any CPU = MonoDebug|Any CPU
		MonoDebug|Mixed Platforms = MonoDebug|Mixed Platforms
		MonoDebug|Win32 = MonoDebug|Win32
		MonoDebug|x86 = MonoDebug|x86
		MonoRelease|Any CPU = MonoRelease|Any CPU
		MonoRelease|Mixed Platforms = MonoRelease|Mixed Platforms
		MonoRelease|Win32 = MonoRelease|Win32
		MonoRelease|x86 = MonoRelease|x86
		Release|Any CPU = Release|Any CPU
		Release|Mixed Platforms = Release|Mixed Platforms
		Release|Win32 = Release|Win32
		Release|x86 = Release|x86
	EndGlobalSection
	GlobalSection(ProjectConfigurationPlatforms) = postSolution
		{76B24F44-0F71-46F1-9D79-373ECFBC72BF}.Debug|Any CPU.ActiveCfg = Debug|Any CPU
		{76B24F44-0F71-46F1-9D79-373ECFBC72BF}.Debug|Any CPU.Build.0 = Debug|Any CPU
		{76B24F44-0F71-46F1-9D79-373ECFBC72BF}.Debug|Mixed Platforms.ActiveCfg = Debug|x86
		{76B24F44-0F71-46F1-9D79-373ECFBC72BF}.Debug|Mixed Platforms.Build.0 = Debug|x86
		{76B24F44-0F71-46F1-9D79-373ECFBC72BF}.Debug|Win32.ActiveCfg = Debug|x86
		{76B24F44-0F71-46F1-9D79-373ECFBC72BF}.Debug|Win32.Build.0 = Debug|x86
		{76B24F44-0F71-46F1-9D79-373ECFBC72BF}.Debug|x86.ActiveCfg = Debug|x86
		{76B24F44-0F71-46F1-9D79-373ECFBC72BF}.Debug|x86.Build.0 = Debug|x86
		{76B24F44-0F71-46F1-9D79-373ECFBC72BF}.MonoDebug|Any CPU.ActiveCfg = Debug|Any CPU
		{76B24F44-0F71-46F1-9D79-373ECFBC72BF}.MonoDebug|Any CPU.Build.0 = Debug|Any CPU
		{76B24F44-0F71-46F1-9D79-373ECFBC72BF}.MonoDebug|Mixed Platforms.ActiveCfg = Debug|x86
		{76B24F44-0F71-46F1-9D79-373ECFBC72BF}.MonoDebug|Mixed Platforms.Build.0 = Debug|x86
		{76B24F44-0F71-46F1-9D79-373ECFBC72BF}.MonoDebug|Win32.ActiveCfg = Debug|x86
		{76B24F44-0F71-46F1-9D79-373ECFBC72BF}.MonoDebug|Win32.Build.0 = Debug|x86
		{76B24F44-0F71-46F1-9D79-373ECFBC72BF}.MonoDebug|x86.ActiveCfg = Debug|x86
		{76B24F44-0F71-46F1-9D79-373ECFBC72BF}.MonoDebug|x86.Build.0 = Debug|x86
		{76B24F44-0F71-46F1-9D79-373ECFBC72BF}.MonoRelease|Any CPU.ActiveCfg = Release|Any CPU
		{76B24F44-0F71-46F1-9D79-373ECFBC72BF}.MonoRelease|Any CPU.Build.0 = Release|Any CPU
		{76B24F44-0F71-46F1-9D79-373ECFBC72BF}.MonoRelease|Mixed Platforms.ActiveCfg = Release|x86
		{76B24F44-0F71-46F1-9D79-373ECFBC72BF}.MonoRelease|Mixed Platforms.Build.0 = Release|x86
		{76B24F44-0F71-46F1-9D79-373ECFBC72BF}.MonoRelease|Win32.ActiveCfg = Release|x86
		{76B24F44-0F71-46F1-9D79-373ECFBC72BF}.MonoRelease|Win32.Build.0 = Release|x86
		{76B24F44-0F71-46F1-9D79-373ECFBC72BF}.MonoRelease|x86.ActiveCfg = Release|x86
		{76B24F44-0F71-46F1-9D79-373ECFBC72BF}.MonoRelease|x86.Build.0 = Release|x86
		{76B24F44-0F71-46F1-9D79-373ECFBC72BF}.Release|Any CPU.ActiveCfg = Release|Any CPU
		{76B24F44-0F71-46F1-9D79-373ECFBC72BF}.Release|Any CPU.Build.0 = Release|Any CPU
		{76B24F44-0F71-46F1-9D79-373ECFBC72BF}.Release|Mixed Platforms.ActiveCfg = Release|x86
		{76B24F44-0F71-46F1-9D79-373ECFBC72BF}.Release|Mixed Platforms.Build.0 = Release|x86
		{76B24F44-0F71-46F1-9D79-373ECFBC72BF}.Release|Win32.ActiveCfg = Release|x86
		{76B24F44-0F71-46F1-9D79-373ECFBC72BF}.Release|Win32.Build.0 = Release|x86
		{76B24F44-0F71-46F1-9D79-373ECFBC72BF}.Release|x86.ActiveCfg = Release|x86
		{76B24F44-0F71-46F1-9D79-373ECFBC72BF}.Release|x86.Build.0 = Release|x86
		{B3423C85-9C0C-42E7-9F5D-78709301FCEC}.Debug|Any CPU.ActiveCfg = Debug|Any CPU
		{B3423C85-9C0C-42E7-9F5D-78709301FCEC}.Debug|Any CPU.Build.0 = Debug|Any CPU
		{B3423C85-9C0C-42E7-9F5D-78709301FCEC}.Debug|Mixed Platforms.ActiveCfg = Debug|x86
		{B3423C85-9C0C-42E7-9F5D-78709301FCEC}.Debug|Mixed Platforms.Build.0 = Debug|x86
		{B3423C85-9C0C-42E7-9F5D-78709301FCEC}.Debug|Win32.ActiveCfg = Debug|x86
		{B3423C85-9C0C-42E7-9F5D-78709301FCEC}.Debug|Win32.Build.0 = Debug|x86
		{B3423C85-9C0C-42E7-9F5D-78709301FCEC}.Debug|x86.ActiveCfg = Debug|x86
		{B3423C85-9C0C-42E7-9F5D-78709301FCEC}.Debug|x86.Build.0 = Debug|x86
		{B3423C85-9C0C-42E7-9F5D-78709301FCEC}.MonoDebug|Any CPU.ActiveCfg = Debug|Any CPU
		{B3423C85-9C0C-42E7-9F5D-78709301FCEC}.MonoDebug|Any CPU.Build.0 = Debug|Any CPU
		{B3423C85-9C0C-42E7-9F5D-78709301FCEC}.MonoDebug|Mixed Platforms.ActiveCfg = Debug|x86
		{B3423C85-9C0C-42E7-9F5D-78709301FCEC}.MonoDebug|Mixed Platforms.Build.0 = Debug|x86
		{B3423C85-9C0C-42E7-9F5D-78709301FCEC}.MonoDebug|Win32.ActiveCfg = Debug|x86
		{B3423C85-9C0C-42E7-9F5D-78709301FCEC}.MonoDebug|Win32.Build.0 = Debug|x86
		{B3423C85-9C0C-42E7-9F5D-78709301FCEC}.MonoDebug|x86.ActiveCfg = Debug|x86
		{B3423C85-9C0C-42E7-9F5D-78709301FCEC}.MonoDebug|x86.Build.0 = Debug|x86
		{B3423C85-9C0C-42E7-9F5D-78709301FCEC}.MonoRelease|Any CPU.ActiveCfg = Release|Any CPU
		{B3423C85-9C0C-42E7-9F5D-78709301FCEC}.MonoRelease|Any CPU.Build.0 = Release|Any CPU
		{B3423C85-9C0C-42E7-9F5D-78709301FCEC}.MonoRelease|Mixed Platforms.ActiveCfg = Release|x86
		{B3423C85-9C0C-42E7-9F5D-78709301FCEC}.MonoRelease|Mixed Platforms.Build.0 = Release|x86
		{B3423C85-9C0C-42E7-9F5D-78709301FCEC}.MonoRelease|Win32.ActiveCfg = Release|x86
		{B3423C85-9C0C-42E7-9F5D-78709301FCEC}.MonoRelease|Win32.Build.0 = Release|x86
		{B3423C85-9C0C-42E7-9F5D-78709301FCEC}.MonoRelease|x86.ActiveCfg = Release|x86
		{B3423C85-9C0C-42E7-9F5D-78709301FCEC}.MonoRelease|x86.Build.0 = Release|x86
		{B3423C85-9C0C-42E7-9F5D-78709301FCEC}.Release|Any CPU.ActiveCfg = Release|Any CPU
		{B3423C85-9C0C-42E7-9F5D-78709301FCEC}.Release|Any CPU.Build.0 = Release|Any CPU
		{B3423C85-9C0C-42E7-9F5D-78709301FCEC}.Release|Mixed Platforms.ActiveCfg = Release|x86
		{B3423C85-9C0C-42E7-9F5D-78709301FCEC}.Release|Mixed Platforms.Build.0 = Release|x86
		{B3423C85-9C0C-42E7-9F5D-78709301FCEC}.Release|Win32.ActiveCfg = Release|x86
		{B3423C85-9C0C-42E7-9F5D-78709301FCEC}.Release|Win32.Build.0 = Release|x86
		{B3423C85-9C0C-42E7-9F5D-78709301FCEC}.Release|x86.ActiveCfg = Release|x86
		{B3423C85-9C0C-42E7-9F5D-78709301FCEC}.Release|x86.Build.0 = Release|x86
		{B3316B61-E86D-4467-A32F-0A0143A056FA}.Debug|Any CPU.ActiveCfg = Debug|Any CPU
		{B3316B61-E86D-4467-A32F-0A0143A056FA}.Debug|Any CPU.Build.0 = Debug|Any CPU
		{B3316B61-E86D-4467-A32F-0A0143A056FA}.Debug|Mixed Platforms.ActiveCfg = Debug|x86
		{B3316B61-E86D-4467-A32F-0A0143A056FA}.Debug|Mixed Platforms.Build.0 = Debug|x86
		{B3316B61-E86D-4467-A32F-0A0143A056FA}.Debug|Win32.ActiveCfg = Debug|x86
		{B3316B61-E86D-4467-A32F-0A0143A056FA}.Debug|Win32.Build.0 = Debug|x86
		{B3316B61-E86D-4467-A32F-0A0143A056FA}.Debug|x86.ActiveCfg = Debug|x86
		{B3316B61-E86D-4467-A32F-0A0143A056FA}.Debug|x86.Build.0 = Debug|x86
		{B3316B61-E86D-4467-A32F-0A0143A056FA}.MonoDebug|Any CPU.ActiveCfg = Debug|Any CPU
		{B3316B61-E86D-4467-A32F-0A0143A056FA}.MonoDebug|Any CPU.Build.0 = Debug|Any CPU
		{B3316B61-E86D-4467-A32F-0A0143A056FA}.MonoDebug|Mixed Platforms.ActiveCfg = Debug|x86
		{B3316B61-E86D-4467-A32F-0A0143A056FA}.MonoDebug|Mixed Platforms.Build.0 = Debug|x86
		{B3316B61-E86D-4467-A32F-0A0143A056FA}.MonoDebug|Win32.ActiveCfg = Debug|x86
		{B3316B61-E86D-4467-A32F-0A0143A056FA}.MonoDebug|Win32.Build.0 = Debug|x86
		{B3316B61-E86D-4467-A32F-0A0143A056FA}.MonoDebug|x86.ActiveCfg = Debug|x86
		{B3316B61-E86D-4467-A32F-0A0143A056FA}.MonoDebug|x86.Build.0 = Debug|x86
		{B3316B61-E86D-4467-A32F-0A0143A056FA}.MonoRelease|Any CPU.ActiveCfg = Release|Any CPU
		{B3316B61-E86D-4467-A32F-0A0143A056FA}.MonoRelease|Any CPU.Build.0 = Release|Any CPU
		{B3316B61-E86D-4467-A32F-0A0143A056FA}.MonoRelease|Mixed Platforms.ActiveCfg = Release|x86
		{B3316B61-E86D-4467-A32F-0A0143A056FA}.MonoRelease|Mixed Platforms.Build.0 = Release|x86
		{B3316B61-E86D-4467-A32F-0A0143A056FA}.MonoRelease|Win32.ActiveCfg = Release|x86
		{B3316B61-E86D-4467-A32F-0A0143A056FA}.MonoRelease|Win32.Build.0 = Release|x86
		{B3316B61-E86D-4467-A32F-0A0143A056FA}.MonoRelease|x86.ActiveCfg = Release|x86
		{B3316B61-E86D-4467-A32F-0A0143A056FA}.MonoRelease|x86.Build.0 = Release|x86
		{B3316B61-E86D-4467-A32F-0A0143A056FA}.Release|Any CPU.ActiveCfg = Release|Any CPU
		{B3316B61-E86D-4467-A32F-0A0143A056FA}.Release|Any CPU.Build.0 = Release|Any CPU
		{B3316B61-E86D-4467-A32F-0A0143A056FA}.Release|Mixed Platforms.ActiveCfg = Release|x86
		{B3316B61-E86D-4467-A32F-0A0143A056FA}.Release|Mixed Platforms.Build.0 = Release|x86
		{B3316B61-E86D-4467-A32F-0A0143A056FA}.Release|Win32.ActiveCfg = Release|x86
		{B3316B61-E86D-4467-A32F-0A0143A056FA}.Release|Win32.Build.0 = Release|x86
		{B3316B61-E86D-4467-A32F-0A0143A056FA}.Release|x86.ActiveCfg = Release|x86
		{B3316B61-E86D-4467-A32F-0A0143A056FA}.Release|x86.Build.0 = Release|x86
		{E0CD87D1-1C76-4FFB-91BC-D02662BA3017}.Debug|Any CPU.ActiveCfg = Debug|Any CPU
		{E0CD87D1-1C76-4FFB-91BC-D02662BA3017}.Debug|Any CPU.Build.0 = Debug|Any CPU
		{E0CD87D1-1C76-4FFB-91BC-D02662BA3017}.Debug|Mixed Platforms.ActiveCfg = Debug|x86
		{E0CD87D1-1C76-4FFB-91BC-D02662BA3017}.Debug|Mixed Platforms.Build.0 = Debug|x86
		{E0CD87D1-1C76-4FFB-91BC-D02662BA3017}.Debug|Win32.ActiveCfg = Debug|x86
		{E0CD87D1-1C76-4FFB-91BC-D02662BA3017}.Debug|Win32.Build.0 = Debug|x86
		{E0CD87D1-1C76-4FFB-91BC-D02662BA3017}.Debug|x86.ActiveCfg = Debug|x86
		{E0CD87D1-1C76-4FFB-91BC-D02662BA3017}.Debug|x86.Build.0 = Debug|x86
		{E0CD87D1-1C76-4FFB-91BC-D02662BA3017}.MonoDebug|Any CPU.ActiveCfg = Debug|Any CPU
		{E0CD87D1-1C76-4FFB-91BC-D02662BA3017}.MonoDebug|Any CPU.Build.0 = Debug|Any CPU
		{E0CD87D1-1C76-4FFB-91BC-D02662BA3017}.MonoDebug|Mixed Platforms.ActiveCfg = Debug|x86
		{E0CD87D1-1C76-4FFB-91BC-D02662BA3017}.MonoDebug|Mixed Platforms.Build.0 = Debug|x86
		{E0CD87D1-1C76-4FFB-91BC-D02662BA3017}.MonoDebug|Win32.ActiveCfg = Debug|x86
		{E0CD87D1-1C76-4FFB-91BC-D02662BA3017}.MonoDebug|Win32.Build.0 = Debug|x86
		{E0CD87D1-1C76-4FFB-91BC-D02662BA3017}.MonoDebug|x86.ActiveCfg = Debug|x86
		{E0CD87D1-1C76-4FFB-91BC-D02662BA3017}.MonoDebug|x86.Build.0 = Debug|x86
		{E0CD87D1-1C76-4FFB-91BC-D02662BA3017}.MonoRelease|Any CPU.ActiveCfg = Release|Any CPU
		{E0CD87D1-1C76-4FFB-91BC-D02662BA3017}.MonoRelease|Any CPU.Build.0 = Release|Any CPU
		{E0CD87D1-1C76-4FFB-91BC-D02662BA3017}.MonoRelease|Mixed Platforms.ActiveCfg = Release|x86
		{E0CD87D1-1C76-4FFB-91BC-D02662BA3017}.MonoRelease|Mixed Platforms.Build.0 = Release|x86
		{E0CD87D1-1C76-4FFB-91BC-D02662BA3017}.MonoRelease|Win32.ActiveCfg = Release|x86
		{E0CD87D1-1C76-4FFB-91BC-D02662BA3017}.MonoRelease|Win32.Build.0 = Release|x86
		{E0CD87D1-1C76-4FFB-91BC-D02662BA3017}.MonoRelease|x86.ActiveCfg = Release|x86
		{E0CD87D1-1C76-4FFB-91BC-D02662BA3017}.MonoRelease|x86.Build.0 = Release|x86
		{E0CD87D1-1C76-4FFB-91BC-D02662BA3017}.Release|Any CPU.ActiveCfg = Release|Any CPU
		{E0CD87D1-1C76-4FFB-91BC-D02662BA3017}.Release|Any CPU.Build.0 = Release|Any CPU
		{E0CD87D1-1C76-4FFB-91BC-D02662BA3017}.Release|Mixed Platforms.ActiveCfg = Release|x86
		{E0CD87D1-1C76-4FFB-91BC-D02662BA3017}.Release|Mixed Platforms.Build.0 = Release|x86
		{E0CD87D1-1C76-4FFB-91BC-D02662BA3017}.Release|Win32.ActiveCfg = Release|x86
		{E0CD87D1-1C76-4FFB-91BC-D02662BA3017}.Release|Win32.Build.0 = Release|x86
		{E0CD87D1-1C76-4FFB-91BC-D02662BA3017}.Release|x86.ActiveCfg = Release|x86
		{E0CD87D1-1C76-4FFB-91BC-D02662BA3017}.Release|x86.Build.0 = Release|x86
		{25218497-C0B3-413E-B7DC-6C9340D78658}.Debug|Any CPU.ActiveCfg = Debug|Any CPU
		{25218497-C0B3-413E-B7DC-6C9340D78658}.Debug|Any CPU.Build.0 = Debug|Any CPU
		{25218497-C0B3-413E-B7DC-6C9340D78658}.Debug|Mixed Platforms.ActiveCfg = Debug|x86
		{25218497-C0B3-413E-B7DC-6C9340D78658}.Debug|Mixed Platforms.Build.0 = Debug|x86
		{25218497-C0B3-413E-B7DC-6C9340D78658}.Debug|Win32.ActiveCfg = Debug|x86
		{25218497-C0B3-413E-B7DC-6C9340D78658}.Debug|Win32.Build.0 = Debug|x86
		{25218497-C0B3-413E-B7DC-6C9340D78658}.Debug|x86.ActiveCfg = Debug|x86
		{25218497-C0B3-413E-B7DC-6C9340D78658}.Debug|x86.Build.0 = Debug|x86
		{25218497-C0B3-413E-B7DC-6C9340D78658}.MonoDebug|Any CPU.ActiveCfg = Debug|Any CPU
		{25218497-C0B3-413E-B7DC-6C9340D78658}.MonoDebug|Any CPU.Build.0 = Debug|Any CPU
		{25218497-C0B3-413E-B7DC-6C9340D78658}.MonoDebug|Mixed Platforms.ActiveCfg = Debug|x86
		{25218497-C0B3-413E-B7DC-6C9340D78658}.MonoDebug|Mixed Platforms.Build.0 = Debug|x86
		{25218497-C0B3-413E-B7DC-6C9340D78658}.MonoDebug|Win32.ActiveCfg = Debug|x86
		{25218497-C0B3-413E-B7DC-6C9340D78658}.MonoDebug|Win32.Build.0 = Debug|x86
		{25218497-C0B3-413E-B7DC-6C9340D78658}.MonoDebug|x86.ActiveCfg = Debug|x86
		{25218497-C0B3-413E-B7DC-6C9340D78658}.MonoDebug|x86.Build.0 = Debug|x86
		{25218497-C0B3-413E-B7DC-6C9340D78658}.MonoRelease|Any CPU.ActiveCfg = Release|Any CPU
		{25218497-C0B3-413E-B7DC-6C9340D78658}.MonoRelease|Any CPU.Build.0 = Release|Any CPU
		{25218497-C0B3-413E-B7DC-6C9340D78658}.MonoRelease|Mixed Platforms.ActiveCfg = Release|x86
		{25218497-C0B3-413E-B7DC-6C9340D78658}.MonoRelease|Mixed Platforms.Build.0 = Release|x86
		{25218497-C0B3-413E-B7DC-6C9340D78658}.MonoRelease|Win32.ActiveCfg = Release|x86
		{25218497-C0B3-413E-B7DC-6C9340D78658}.MonoRelease|Win32.Build.0 = Release|x86
		{25218497-C0B3-413E-B7DC-6C9340D78658}.MonoRelease|x86.ActiveCfg = Release|x86
		{25218497-C0B3-413E-B7DC-6C9340D78658}.MonoRelease|x86.Build.0 = Release|x86
		{25218497-C0B3-413E-B7DC-6C9340D78658}.Release|Any CPU.ActiveCfg = Release|Any CPU
		{25218497-C0B3-413E-B7DC-6C9340D78658}.Release|Any CPU.Build.0 = Release|Any CPU
		{25218497-C0B3-413E-B7DC-6C9340D78658}.Release|Mixed Platforms.ActiveCfg = Release|x86
		{25218497-C0B3-413E-B7DC-6C9340D78658}.Release|Mixed Platforms.Build.0 = Release|x86
		{25218497-C0B3-413E-B7DC-6C9340D78658}.Release|Win32.ActiveCfg = Release|x86
		{25218497-C0B3-413E-B7DC-6C9340D78658}.Release|Win32.Build.0 = Release|x86
		{25218497-C0B3-413E-B7DC-6C9340D78658}.Release|x86.ActiveCfg = Release|x86
		{25218497-C0B3-413E-B7DC-6C9340D78658}.Release|x86.Build.0 = Release|x86
		{C0393875-FFA7-4A35-B208-762B99F0358E}.Debug|Any CPU.ActiveCfg = Debug|Any CPU
		{C0393875-FFA7-4A35-B208-762B99F0358E}.Debug|Any CPU.Build.0 = Debug|Any CPU
		{C0393875-FFA7-4A35-B208-762B99F0358E}.Debug|Mixed Platforms.ActiveCfg = Debug|x86
		{C0393875-FFA7-4A35-B208-762B99F0358E}.Debug|Mixed Platforms.Build.0 = Debug|x86
		{C0393875-FFA7-4A35-B208-762B99F0358E}.Debug|Win32.ActiveCfg = Debug|x86
		{C0393875-FFA7-4A35-B208-762B99F0358E}.Debug|Win32.Build.0 = Debug|x86
		{C0393875-FFA7-4A35-B208-762B99F0358E}.Debug|x86.ActiveCfg = Debug|x86
		{C0393875-FFA7-4A35-B208-762B99F0358E}.Debug|x86.Build.0 = Debug|x86
		{C0393875-FFA7-4A35-B208-762B99F0358E}.MonoDebug|Any CPU.ActiveCfg = Debug|Any CPU
		{C0393875-FFA7-4A35-B208-762B99F0358E}.MonoDebug|Any CPU.Build.0 = Debug|Any CPU
		{C0393875-FFA7-4A35-B208-762B99F0358E}.MonoDebug|Mixed Platforms.ActiveCfg = Debug|x86
		{C0393875-FFA7-4A35-B208-762B99F0358E}.MonoDebug|Mixed Platforms.Build.0 = Debug|x86
		{C0393875-FFA7-4A35-B208-762B99F0358E}.MonoDebug|Win32.ActiveCfg = Debug|x86
		{C0393875-FFA7-4A35-B208-762B99F0358E}.MonoDebug|Win32.Build.0 = Debug|x86
		{C0393875-FFA7-4A35-B208-762B99F0358E}.MonoDebug|x86.ActiveCfg = Debug|x86
		{C0393875-FFA7-4A35-B208-762B99F0358E}.MonoDebug|x86.Build.0 = Debug|x86
		{C0393875-FFA7-4A35-B208-762B99F0358E}.MonoRelease|Any CPU.ActiveCfg = Release|Any CPU
		{C0393875-FFA7-4A35-B208-762B99F0358E}.MonoRelease|Any CPU.Build.0 = Release|Any CPU
		{C0393875-FFA7-4A35-B208-762B99F0358E}.MonoRelease|Mixed Platforms.ActiveCfg = Release|x86
		{C0393875-FFA7-4A35-B208-762B99F0358E}.MonoRelease|Mixed Platforms.Build.0 = Release|x86
		{C0393875-FFA7-4A35-B208-762B99F0358E}.MonoRelease|Win32.ActiveCfg = Release|x86
		{C0393875-FFA7-4A35-B208-762B99F0358E}.MonoRelease|Win32.Build.0 = Release|x86
		{C0393875-FFA7-4A35-B208-762B99F0358E}.MonoRelease|x86.ActiveCfg = Release|x86
		{C0393875-FFA7-4A35-B208-762B99F0358E}.MonoRelease|x86.Build.0 = Release|x86
		{C0393875-FFA7-4A35-B208-762B99F0358E}.Release|Any CPU.ActiveCfg = Release|Any CPU
		{C0393875-FFA7-4A35-B208-762B99F0358E}.Release|Any CPU.Build.0 = Release|Any CPU
		{C0393875-FFA7-4A35-B208-762B99F0358E}.Release|Mixed Platforms.ActiveCfg = Release|x86
		{C0393875-FFA7-4A35-B208-762B99F0358E}.Release|Mixed Platforms.Build.0 = Release|x86
		{C0393875-FFA7-4A35-B208-762B99F0358E}.Release|Win32.ActiveCfg = Release|x86
		{C0393875-FFA7-4A35-B208-762B99F0358E}.Release|Win32.Build.0 = Release|x86
		{C0393875-FFA7-4A35-B208-762B99F0358E}.Release|x86.ActiveCfg = Release|x86
		{C0393875-FFA7-4A35-B208-762B99F0358E}.Release|x86.Build.0 = Release|x86
		{3A193712-4AE2-4B7A-9ADF-139D3213E34B}.Debug|Any CPU.ActiveCfg = Debug|Win32
		{3A193712-4AE2-4B7A-9ADF-139D3213E34B}.Debug|Mixed Platforms.ActiveCfg = Debug|Win32
		{3A193712-4AE2-4B7A-9ADF-139D3213E34B}.Debug|Mixed Platforms.Build.0 = Debug|Win32
		{3A193712-4AE2-4B7A-9ADF-139D3213E34B}.Debug|Win32.ActiveCfg = Debug|Win32
		{3A193712-4AE2-4B7A-9ADF-139D3213E34B}.Debug|Win32.Build.0 = Debug|Win32
		{3A193712-4AE2-4B7A-9ADF-139D3213E34B}.Debug|x86.ActiveCfg = Debug|Win32
		{3A193712-4AE2-4B7A-9ADF-139D3213E34B}.Debug|x86.Build.0 = Debug|Win32
		{3A193712-4AE2-4B7A-9ADF-139D3213E34B}.MonoDebug|Any CPU.ActiveCfg = Debug|Win32
		{3A193712-4AE2-4B7A-9ADF-139D3213E34B}.MonoDebug|Mixed Platforms.ActiveCfg = Debug|Win32
		{3A193712-4AE2-4B7A-9ADF-139D3213E34B}.MonoDebug|Mixed Platforms.Build.0 = Debug|Win32
		{3A193712-4AE2-4B7A-9ADF-139D3213E34B}.MonoDebug|Win32.ActiveCfg = Debug|Win32
		{3A193712-4AE2-4B7A-9ADF-139D3213E34B}.MonoDebug|Win32.Build.0 = Debug|Win32
		{3A193712-4AE2-4B7A-9ADF-139D3213E34B}.MonoDebug|x86.ActiveCfg = Debug|Win32
		{3A193712-4AE2-4B7A-9ADF-139D3213E34B}.MonoDebug|x86.Build.0 = Debug|Win32
		{3A193712-4AE2-4B7A-9ADF-139D3213E34B}.MonoRelease|Any CPU.ActiveCfg = Release|Win32
		{3A193712-4AE2-4B7A-9ADF-139D3213E34B}.MonoRelease|Mixed Platforms.ActiveCfg = Release|Win32
		{3A193712-4AE2-4B7A-9ADF-139D3213E34B}.MonoRelease|Mixed Platforms.Build.0 = Release|Win32
		{3A193712-4AE2-4B7A-9ADF-139D3213E34B}.MonoRelease|Win32.ActiveCfg = Release|Win32
		{3A193712-4AE2-4B7A-9ADF-139D3213E34B}.MonoRelease|Win32.Build.0 = Release|Win32
		{3A193712-4AE2-4B7A-9ADF-139D3213E34B}.MonoRelease|x86.ActiveCfg = Release|Win32
		{3A193712-4AE2-4B7A-9ADF-139D3213E34B}.MonoRelease|x86.Build.0 = Release|Win32
		{3A193712-4AE2-4B7A-9ADF-139D3213E34B}.Release|Any CPU.ActiveCfg = Release|Win32
		{3A193712-4AE2-4B7A-9ADF-139D3213E34B}.Release|Mixed Platforms.ActiveCfg = Release|Win32
		{3A193712-4AE2-4B7A-9ADF-139D3213E34B}.Release|Mixed Platforms.Build.0 = Release|Win32
		{3A193712-4AE2-4B7A-9ADF-139D3213E34B}.Release|Win32.ActiveCfg = Release|Win32
		{3A193712-4AE2-4B7A-9ADF-139D3213E34B}.Release|Win32.Build.0 = Release|Win32
		{3A193712-4AE2-4B7A-9ADF-139D3213E34B}.Release|x86.ActiveCfg = Release|Win32
		{3A193712-4AE2-4B7A-9ADF-139D3213E34B}.Release|x86.Build.0 = Release|Win32
		{CBF5614B-AF79-4228-8265-7DC2BAF9A626}.Debug|Any CPU.ActiveCfg = Debug|Any CPU
		{CBF5614B-AF79-4228-8265-7DC2BAF9A626}.Debug|Any CPU.Build.0 = Debug|Any CPU
		{CBF5614B-AF79-4228-8265-7DC2BAF9A626}.Debug|Mixed Platforms.ActiveCfg = Debug|Any CPU
		{CBF5614B-AF79-4228-8265-7DC2BAF9A626}.Debug|Mixed Platforms.Build.0 = Debug|Any CPU
		{CBF5614B-AF79-4228-8265-7DC2BAF9A626}.Debug|Win32.ActiveCfg = Debug|Any CPU
		{CBF5614B-AF79-4228-8265-7DC2BAF9A626}.Debug|x86.ActiveCfg = Debug|Any CPU
		{CBF5614B-AF79-4228-8265-7DC2BAF9A626}.MonoDebug|Any CPU.ActiveCfg = Debug|Any CPU
		{CBF5614B-AF79-4228-8265-7DC2BAF9A626}.MonoDebug|Any CPU.Build.0 = Debug|Any CPU
		{CBF5614B-AF79-4228-8265-7DC2BAF9A626}.MonoDebug|Mixed Platforms.ActiveCfg = Debug|Any CPU
		{CBF5614B-AF79-4228-8265-7DC2BAF9A626}.MonoDebug|Mixed Platforms.Build.0 = Debug|Any CPU
		{CBF5614B-AF79-4228-8265-7DC2BAF9A626}.MonoDebug|Win32.ActiveCfg = Debug|Any CPU
		{CBF5614B-AF79-4228-8265-7DC2BAF9A626}.MonoDebug|x86.ActiveCfg = Debug|Any CPU
		{CBF5614B-AF79-4228-8265-7DC2BAF9A626}.MonoRelease|Any CPU.ActiveCfg = Release|Any CPU
		{CBF5614B-AF79-4228-8265-7DC2BAF9A626}.MonoRelease|Any CPU.Build.0 = Release|Any CPU
		{CBF5614B-AF79-4228-8265-7DC2BAF9A626}.MonoRelease|Mixed Platforms.ActiveCfg = Release|Any CPU
		{CBF5614B-AF79-4228-8265-7DC2BAF9A626}.MonoRelease|Mixed Platforms.Build.0 = Release|Any CPU
		{CBF5614B-AF79-4228-8265-7DC2BAF9A626}.MonoRelease|Win32.ActiveCfg = Release|Any CPU
		{CBF5614B-AF79-4228-8265-7DC2BAF9A626}.MonoRelease|x86.ActiveCfg = Release|Any CPU
		{CBF5614B-AF79-4228-8265-7DC2BAF9A626}.Release|Any CPU.ActiveCfg = Release|Any CPU
		{CBF5614B-AF79-4228-8265-7DC2BAF9A626}.Release|Any CPU.Build.0 = Release|Any CPU
		{CBF5614B-AF79-4228-8265-7DC2BAF9A626}.Release|Mixed Platforms.ActiveCfg = Release|Any CPU
		{CBF5614B-AF79-4228-8265-7DC2BAF9A626}.Release|Mixed Platforms.Build.0 = Release|Any CPU
		{CBF5614B-AF79-4228-8265-7DC2BAF9A626}.Release|Win32.ActiveCfg = Release|Any CPU
		{CBF5614B-AF79-4228-8265-7DC2BAF9A626}.Release|x86.ActiveCfg = Release|Any CPU
	EndGlobalSection
	GlobalSection(SolutionProperties) = preSolution
		HideSolutionNode = FALSE
	EndGlobalSection
EndGlobal
